
Microsoft Visual Studio Solution File, Format Version 12.00
# Visual Studio 15
VisualStudioVersion = 15.0.27703.2042
MinimumVisualStudioVersion = 10.0.40219.1
Project("{FAE04EC0-301F-11D3-BF4B-00C04F79EFBC}") = "PhotoDarvin", "PhotoDarvin\PhotoDarvin.csproj", "{45B01817-967C-4FE7-93AC-400A44A7D9BA}"
EndProject
Project("{FAE04EC0-301F-11D3-BF4B-00C04F79EFBC}") = "Photo.Base", "Photo.Base\Photo.Base.csproj", "{26068F6F-288E-45EC-85F1-4E87BB3EB4C6}"
EndProject
Project("{FAE04EC0-301F-11D3-BF4B-00C04F79EFBC}") = "Photo.Folder", "Photo.Folder\Photo.Folder.csproj", "{9CA8AFAD-7E3D-4A91-92C3-641DD049407B}"
EndProject
Project("{FAE04EC0-301F-11D3-BF4B-00C04F79EFBC}") = "OSWrap", "OSWrap\OSWrap.csproj", "{BAF73330-CEBB-47BC-A172-D465614C52F3}"
EndProject
Project("{FAE04EC0-301F-11D3-BF4B-00C04F79EFBC}") = "OSWrap.Windows", "OSWrap.Windows\OSWrap.Windows.csproj", "{2D2035E2-A7B6-4AA9-AA46-0E2C20084FCF}"
EndProject
Project("{FAE04EC0-301F-11D3-BF4B-00C04F79EFBC}") = "Photo.SourceExplorer", "Photo.SourceExplorer\Photo.SourceExplorer.csproj", "{8D893F90-A4FA-4A5E-A103-966F11153BB1}"
EndProject
Project("{FAE04EC0-301F-11D3-BF4B-00C04F79EFBC}") = "Photo.FolderStore", "Photo.FolderStore\Photo.FolderStore.csproj", "{CC2A2F5A-726C-4624-B4B8-816F719ED6B1}"
EndProject
Project("{FAE04EC0-301F-11D3-BF4B-00C04F79EFBC}") = "Photo.Print", "Photo.Print\Photo.Print.csproj", "{A9DFCD45-03D7-48FB-A49D-3F576FBE9096}"
EndProject
Project("{FAE04EC0-301F-11D3-BF4B-00C04F79EFBC}") = "PhotoPrintTool", "PhotoPrintTool\PhotoPrintTool.csproj", "{BBBFFC85-C56D-4A4D-A2CE-A1A8D2B2977D}"
EndProject
Project("{FAE04EC0-301F-11D3-BF4B-00C04F79EFBC}") = "Photo.PrintTool", "Photo.PrintTool\Photo.PrintTool.csproj", "{225928C4-527E-4D47-997D-0780ED9656D7}"
EndProject
Project("{FAE04EC0-301F-11D3-BF4B-00C04F79EFBC}") = "Nailhang.MVVM", "Nailhang.MVVM\Nailhang.MVVM.csproj", "{11E30059-FE60-4FE4-A9F6-A00A2D6EFEE9}"
EndProject
Project("{9A19103F-16F7-4668-BE54-9A1E7A4F7556}") = "Nailhang.Core", "Nailhang.Core\Nailhang.Core.csproj", "{161C5ADA-3AC9-4BF0-B366-7C2B80514B6C}"
EndProject
Project("{C7167F0D-BC9F-4E6E-AFE1-012C56B48DB5}") = "PrintPhotoPackage", "PrintPhotoPackage\PrintPhotoPackage.wapproj", "{91EA887A-DFF2-4530-A615-4E6978D06906}"
EndProject
Global
	GlobalSection(SolutionConfigurationPlatforms) = preSolution
		Debug|Any CPU = Debug|Any CPU
		Debug|x64 = Debug|x64
		Debug|x86 = Debug|x86
		Release|Any CPU = Release|Any CPU
		Release|x64 = Release|x64
		Release|x86 = Release|x86
	EndGlobalSection
	GlobalSection(ProjectConfigurationPlatforms) = postSolution
		{45B01817-967C-4FE7-93AC-400A44A7D9BA}.Debug|Any CPU.ActiveCfg = Debug|Any CPU
		{45B01817-967C-4FE7-93AC-400A44A7D9BA}.Debug|Any CPU.Build.0 = Debug|Any CPU
		{45B01817-967C-4FE7-93AC-400A44A7D9BA}.Debug|x64.ActiveCfg = Debug|Any CPU
		{45B01817-967C-4FE7-93AC-400A44A7D9BA}.Debug|x64.Build.0 = Debug|Any CPU
		{45B01817-967C-4FE7-93AC-400A44A7D9BA}.Debug|x86.ActiveCfg = Debug|Any CPU
		{45B01817-967C-4FE7-93AC-400A44A7D9BA}.Debug|x86.Build.0 = Debug|Any CPU
		{45B01817-967C-4FE7-93AC-400A44A7D9BA}.Release|Any CPU.ActiveCfg = Release|Any CPU
		{45B01817-967C-4FE7-93AC-400A44A7D9BA}.Release|Any CPU.Build.0 = Release|Any CPU
		{45B01817-967C-4FE7-93AC-400A44A7D9BA}.Release|x64.ActiveCfg = Release|Any CPU
		{45B01817-967C-4FE7-93AC-400A44A7D9BA}.Release|x64.Build.0 = Release|Any CPU
		{45B01817-967C-4FE7-93AC-400A44A7D9BA}.Release|x86.ActiveCfg = Release|Any CPU
		{45B01817-967C-4FE7-93AC-400A44A7D9BA}.Release|x86.Build.0 = Release|Any CPU
		{26068F6F-288E-45EC-85F1-4E87BB3EB4C6}.Debug|Any CPU.ActiveCfg = Debug|Any CPU
		{26068F6F-288E-45EC-85F1-4E87BB3EB4C6}.Debug|Any CPU.Build.0 = Debug|Any CPU
		{26068F6F-288E-45EC-85F1-4E87BB3EB4C6}.Debug|x64.ActiveCfg = Debug|Any CPU
		{26068F6F-288E-45EC-85F1-4E87BB3EB4C6}.Debug|x64.Build.0 = Debug|Any CPU
		{26068F6F-288E-45EC-85F1-4E87BB3EB4C6}.Debug|x86.ActiveCfg = Debug|Any CPU
		{26068F6F-288E-45EC-85F1-4E87BB3EB4C6}.Debug|x86.Build.0 = Debug|Any CPU
		{26068F6F-288E-45EC-85F1-4E87BB3EB4C6}.Release|Any CPU.ActiveCfg = Release|Any CPU
		{26068F6F-288E-45EC-85F1-4E87BB3EB4C6}.Release|Any CPU.Build.0 = Release|Any CPU
		{26068F6F-288E-45EC-85F1-4E87BB3EB4C6}.Release|x64.ActiveCfg = Release|Any CPU
		{26068F6F-288E-45EC-85F1-4E87BB3EB4C6}.Release|x64.Build.0 = Release|Any CPU
		{26068F6F-288E-45EC-85F1-4E87BB3EB4C6}.Release|x86.ActiveCfg = Release|Any CPU
		{26068F6F-288E-45EC-85F1-4E87BB3EB4C6}.Release|x86.Build.0 = Release|Any CPU
		{9CA8AFAD-7E3D-4A91-92C3-641DD049407B}.Debug|Any CPU.ActiveCfg = Debug|Any CPU
		{9CA8AFAD-7E3D-4A91-92C3-641DD049407B}.Debug|Any CPU.Build.0 = Debug|Any CPU
		{9CA8AFAD-7E3D-4A91-92C3-641DD049407B}.Debug|x64.ActiveCfg = Debug|Any CPU
		{9CA8AFAD-7E3D-4A91-92C3-641DD049407B}.Debug|x64.Build.0 = Debug|Any CPU
		{9CA8AFAD-7E3D-4A91-92C3-641DD049407B}.Debug|x86.ActiveCfg = Debug|Any CPU
		{9CA8AFAD-7E3D-4A91-92C3-641DD049407B}.Debug|x86.Build.0 = Debug|Any CPU
		{9CA8AFAD-7E3D-4A91-92C3-641DD049407B}.Release|Any CPU.ActiveCfg = Release|Any CPU
		{9CA8AFAD-7E3D-4A91-92C3-641DD049407B}.Release|Any CPU.Build.0 = Release|Any CPU
		{9CA8AFAD-7E3D-4A91-92C3-641DD049407B}.Release|x64.ActiveCfg = Release|Any CPU
		{9CA8AFAD-7E3D-4A91-92C3-641DD049407B}.Release|x64.Build.0 = Release|Any CPU
		{9CA8AFAD-7E3D-4A91-92C3-641DD049407B}.Release|x86.ActiveCfg = Release|Any CPU
		{9CA8AFAD-7E3D-4A91-92C3-641DD049407B}.Release|x86.Build.0 = Release|Any CPU
		{BAF73330-CEBB-47BC-A172-D465614C52F3}.Debug|Any CPU.ActiveCfg = Debug|Any CPU
		{BAF73330-CEBB-47BC-A172-D465614C52F3}.Debug|Any CPU.Build.0 = Debug|Any CPU
		{BAF73330-CEBB-47BC-A172-D465614C52F3}.Debug|x64.ActiveCfg = Debug|Any CPU
		{BAF73330-CEBB-47BC-A172-D465614C52F3}.Debug|x64.Build.0 = Debug|Any CPU
		{BAF73330-CEBB-47BC-A172-D465614C52F3}.Debug|x86.ActiveCfg = Debug|Any CPU
		{BAF73330-CEBB-47BC-A172-D465614C52F3}.Debug|x86.Build.0 = Debug|Any CPU
		{BAF73330-CEBB-47BC-A172-D465614C52F3}.Release|Any CPU.ActiveCfg = Release|Any CPU
		{BAF73330-CEBB-47BC-A172-D465614C52F3}.Release|Any CPU.Build.0 = Release|Any CPU
		{BAF73330-CEBB-47BC-A172-D465614C52F3}.Release|x64.ActiveCfg = Release|Any CPU
		{BAF73330-CEBB-47BC-A172-D465614C52F3}.Release|x64.Build.0 = Release|Any CPU
		{BAF73330-CEBB-47BC-A172-D465614C52F3}.Release|x86.ActiveCfg = Release|Any CPU
		{BAF73330-CEBB-47BC-A172-D465614C52F3}.Release|x86.Build.0 = Release|Any CPU
		{2D2035E2-A7B6-4AA9-AA46-0E2C20084FCF}.Debug|Any CPU.ActiveCfg = Debug|Any CPU
		{2D2035E2-A7B6-4AA9-AA46-0E2C20084FCF}.Debug|Any CPU.Build.0 = Debug|Any CPU
		{2D2035E2-A7B6-4AA9-AA46-0E2C20084FCF}.Debug|x64.ActiveCfg = Debug|Any CPU
		{2D2035E2-A7B6-4AA9-AA46-0E2C20084FCF}.Debug|x64.Build.0 = Debug|Any CPU
		{2D2035E2-A7B6-4AA9-AA46-0E2C20084FCF}.Debug|x86.ActiveCfg = Debug|Any CPU
		{2D2035E2-A7B6-4AA9-AA46-0E2C20084FCF}.Debug|x86.Build.0 = Debug|Any CPU
		{2D2035E2-A7B6-4AA9-AA46-0E2C20084FCF}.Release|Any CPU.ActiveCfg = Release|Any CPU
		{2D2035E2-A7B6-4AA9-AA46-0E2C20084FCF}.Release|Any CPU.Build.0 = Release|Any CPU
		{2D2035E2-A7B6-4AA9-AA46-0E2C20084FCF}.Release|x64.ActiveCfg = Release|Any CPU
		{2D2035E2-A7B6-4AA9-AA46-0E2C20084FCF}.Release|x64.Build.0 = Release|Any CPU
		{2D2035E2-A7B6-4AA9-AA46-0E2C20084FCF}.Release|x86.ActiveCfg = Release|Any CPU
		{2D2035E2-A7B6-4AA9-AA46-0E2C20084FCF}.Release|x86.Build.0 = Release|Any CPU
		{8D893F90-A4FA-4A5E-A103-966F11153BB1}.Debug|Any CPU.ActiveCfg = Debug|Any CPU
		{8D893F90-A4FA-4A5E-A103-966F11153BB1}.Debug|Any CPU.Build.0 = Debug|Any CPU
		{8D893F90-A4FA-4A5E-A103-966F11153BB1}.Debug|x64.ActiveCfg = Debug|Any CPU
		{8D893F90-A4FA-4A5E-A103-966F11153BB1}.Debug|x64.Build.0 = Debug|Any CPU
		{8D893F90-A4FA-4A5E-A103-966F11153BB1}.Debug|x86.ActiveCfg = Debug|Any CPU
		{8D893F90-A4FA-4A5E-A103-966F11153BB1}.Debug|x86.Build.0 = Debug|Any CPU
		{8D893F90-A4FA-4A5E-A103-966F11153BB1}.Release|Any CPU.ActiveCfg = Release|Any CPU
		{8D893F90-A4FA-4A5E-A103-966F11153BB1}.Release|Any CPU.Build.0 = Release|Any CPU
		{8D893F90-A4FA-4A5E-A103-966F11153BB1}.Release|x64.ActiveCfg = Release|Any CPU
		{8D893F90-A4FA-4A5E-A103-966F11153BB1}.Release|x64.Build.0 = Release|Any CPU
		{8D893F90-A4FA-4A5E-A103-966F11153BB1}.Release|x86.ActiveCfg = Release|Any CPU
		{8D893F90-A4FA-4A5E-A103-966F11153BB1}.Release|x86.Build.0 = Release|Any CPU
		{CC2A2F5A-726C-4624-B4B8-816F719ED6B1}.Debug|Any CPU.ActiveCfg = Debug|Any CPU
		{CC2A2F5A-726C-4624-B4B8-816F719ED6B1}.Debug|Any CPU.Build.0 = Debug|Any CPU
		{CC2A2F5A-726C-4624-B4B8-816F719ED6B1}.Debug|x64.ActiveCfg = Debug|Any CPU
		{CC2A2F5A-726C-4624-B4B8-816F719ED6B1}.Debug|x64.Build.0 = Debug|Any CPU
		{CC2A2F5A-726C-4624-B4B8-816F719ED6B1}.Debug|x86.ActiveCfg = Debug|Any CPU
		{CC2A2F5A-726C-4624-B4B8-816F719ED6B1}.Debug|x86.Build.0 = Debug|Any CPU
		{CC2A2F5A-726C-4624-B4B8-816F719ED6B1}.Release|Any CPU.ActiveCfg = Release|Any CPU
		{CC2A2F5A-726C-4624-B4B8-816F719ED6B1}.Release|Any CPU.Build.0 = Release|Any CPU
		{CC2A2F5A-726C-4624-B4B8-816F719ED6B1}.Release|x64.ActiveCfg = Release|Any CPU
		{CC2A2F5A-726C-4624-B4B8-816F719ED6B1}.Release|x64.Build.0 = Release|Any CPU
		{CC2A2F5A-726C-4624-B4B8-816F719ED6B1}.Release|x86.ActiveCfg = Release|Any CPU
		{CC2A2F5A-726C-4624-B4B8-816F719ED6B1}.Release|x86.Build.0 = Release|Any CPU
		{A9DFCD45-03D7-48FB-A49D-3F576FBE9096}.Debug|Any CPU.ActiveCfg = Debug|Any CPU
		{A9DFCD45-03D7-48FB-A49D-3F576FBE9096}.Debug|Any CPU.Build.0 = Debug|Any CPU
		{A9DFCD45-03D7-48FB-A49D-3F576FBE9096}.Debug|x64.ActiveCfg = Debug|Any CPU
		{A9DFCD45-03D7-48FB-A49D-3F576FBE9096}.Debug|x64.Build.0 = Debug|Any CPU
		{A9DFCD45-03D7-48FB-A49D-3F576FBE9096}.Debug|x86.ActiveCfg = Debug|Any CPU
		{A9DFCD45-03D7-48FB-A49D-3F576FBE9096}.Debug|x86.Build.0 = Debug|Any CPU
		{A9DFCD45-03D7-48FB-A49D-3F576FBE9096}.Release|Any CPU.ActiveCfg = Release|Any CPU
		{A9DFCD45-03D7-48FB-A49D-3F576FBE9096}.Release|Any CPU.Build.0 = Release|Any CPU
		{A9DFCD45-03D7-48FB-A49D-3F576FBE9096}.Release|x64.ActiveCfg = Release|Any CPU
		{A9DFCD45-03D7-48FB-A49D-3F576FBE9096}.Release|x64.Build.0 = Release|Any CPU
		{A9DFCD45-03D7-48FB-A49D-3F576FBE9096}.Release|x86.ActiveCfg = Release|Any CPU
		{A9DFCD45-03D7-48FB-A49D-3F576FBE9096}.Release|x86.Build.0 = Release|Any CPU
		{BBBFFC85-C56D-4A4D-A2CE-A1A8D2B2977D}.Debug|Any CPU.ActiveCfg = Debug|Any CPU
		{BBBFFC85-C56D-4A4D-A2CE-A1A8D2B2977D}.Debug|Any CPU.Build.0 = Debug|Any CPU
		{BBBFFC85-C56D-4A4D-A2CE-A1A8D2B2977D}.Debug|x64.ActiveCfg = Debug|Any CPU
		{BBBFFC85-C56D-4A4D-A2CE-A1A8D2B2977D}.Debug|x64.Build.0 = Debug|Any CPU
		{BBBFFC85-C56D-4A4D-A2CE-A1A8D2B2977D}.Debug|x86.ActiveCfg = Debug|Any CPU
		{BBBFFC85-C56D-4A4D-A2CE-A1A8D2B2977D}.Debug|x86.Build.0 = Debug|Any CPU
		{BBBFFC85-C56D-4A4D-A2CE-A1A8D2B2977D}.Release|Any CPU.ActiveCfg = Release|Any CPU
		{BBBFFC85-C56D-4A4D-A2CE-A1A8D2B2977D}.Release|Any CPU.Build.0 = Release|Any CPU
		{BBBFFC85-C56D-4A4D-A2CE-A1A8D2B2977D}.Release|x64.ActiveCfg = Release|Any CPU
		{BBBFFC85-C56D-4A4D-A2CE-A1A8D2B2977D}.Release|x64.Build.0 = Release|Any CPU
		{BBBFFC85-C56D-4A4D-A2CE-A1A8D2B2977D}.Release|x86.ActiveCfg = Release|Any CPU
		{BBBFFC85-C56D-4A4D-A2CE-A1A8D2B2977D}.Release|x86.Build.0 = Release|Any CPU
		{225928C4-527E-4D47-997D-0780ED9656D7}.Debug|Any CPU.ActiveCfg = Debug|Any CPU
		{225928C4-527E-4D47-997D-0780ED9656D7}.Debug|Any CPU.Build.0 = Debug|Any CPU
		{225928C4-527E-4D47-997D-0780ED9656D7}.Debug|x64.ActiveCfg = Debug|Any CPU
		{225928C4-527E-4D47-997D-0780ED9656D7}.Debug|x64.Build.0 = Debug|Any CPU
		{225928C4-527E-4D47-997D-0780ED9656D7}.Debug|x86.ActiveCfg = Debug|Any CPU
		{225928C4-527E-4D47-997D-0780ED9656D7}.Debug|x86.Build.0 = Debug|Any CPU
		{225928C4-527E-4D47-997D-0780ED9656D7}.Release|Any CPU.ActiveCfg = Release|Any CPU
		{225928C4-527E-4D47-997D-0780ED9656D7}.Release|Any CPU.Build.0 = Release|Any CPU
		{225928C4-527E-4D47-997D-0780ED9656D7}.Release|x64.ActiveCfg = Release|Any CPU
		{225928C4-527E-4D47-997D-0780ED9656D7}.Release|x64.Build.0 = Release|Any CPU
		{225928C4-527E-4D47-997D-0780ED9656D7}.Release|x86.ActiveCfg = Release|Any CPU
		{225928C4-527E-4D47-997D-0780ED9656D7}.Release|x86.Build.0 = Release|Any CPU
		{11E30059-FE60-4FE4-A9F6-A00A2D6EFEE9}.Debug|Any CPU.ActiveCfg = Debug|Any CPU
		{11E30059-FE60-4FE4-A9F6-A00A2D6EFEE9}.Debug|Any CPU.Build.0 = Debug|Any CPU
		{11E30059-FE60-4FE4-A9F6-A00A2D6EFEE9}.Debug|x64.ActiveCfg = Debug|Any CPU
		{11E30059-FE60-4FE4-A9F6-A00A2D6EFEE9}.Debug|x64.Build.0 = Debug|Any CPU
		{11E30059-FE60-4FE4-A9F6-A00A2D6EFEE9}.Debug|x86.ActiveCfg = Debug|Any CPU
		{11E30059-FE60-4FE4-A9F6-A00A2D6EFEE9}.Debug|x86.Build.0 = Debug|Any CPU
		{11E30059-FE60-4FE4-A9F6-A00A2D6EFEE9}.Release|Any CPU.ActiveCfg = Release|Any CPU
		{11E30059-FE60-4FE4-A9F6-A00A2D6EFEE9}.Release|Any CPU.Build.0 = Release|Any CPU
		{11E30059-FE60-4FE4-A9F6-A00A2D6EFEE9}.Release|x64.ActiveCfg = Release|Any CPU
		{11E30059-FE60-4FE4-A9F6-A00A2D6EFEE9}.Release|x64.Build.0 = Release|Any CPU
		{11E30059-FE60-4FE4-A9F6-A00A2D6EFEE9}.Release|x86.ActiveCfg = Release|Any CPU
		{11E30059-FE60-4FE4-A9F6-A00A2D6EFEE9}.Release|x86.Build.0 = Release|Any CPU
		{161C5ADA-3AC9-4BF0-B366-7C2B80514B6C}.Debug|Any CPU.ActiveCfg = Debug|Any CPU
		{161C5ADA-3AC9-4BF0-B366-7C2B80514B6C}.Debug|Any CPU.Build.0 = Debug|Any CPU
		{161C5ADA-3AC9-4BF0-B366-7C2B80514B6C}.Debug|x64.ActiveCfg = Debug|Any CPU
		{161C5ADA-3AC9-4BF0-B366-7C2B80514B6C}.Debug|x64.Build.0 = Debug|Any CPU
		{161C5ADA-3AC9-4BF0-B366-7C2B80514B6C}.Debug|x86.ActiveCfg = Debug|Any CPU
		{161C5ADA-3AC9-4BF0-B366-7C2B80514B6C}.Debug|x86.Build.0 = Debug|Any CPU
		{161C5ADA-3AC9-4BF0-B366-7C2B80514B6C}.Release|Any CPU.ActiveCfg = Release|Any CPU
		{161C5ADA-3AC9-4BF0-B366-7C2B80514B6C}.Release|Any CPU.Build.0 = Release|Any CPU
		{161C5ADA-3AC9-4BF0-B366-7C2B80514B6C}.Release|x64.ActiveCfg = Release|Any CPU
		{161C5ADA-3AC9-4BF0-B366-7C2B80514B6C}.Release|x64.Build.0 = Release|Any CPU
		{161C5ADA-3AC9-4BF0-B366-7C2B80514B6C}.Release|x86.ActiveCfg = Release|Any CPU
		{161C5ADA-3AC9-4BF0-B366-7C2B80514B6C}.Release|x86.Build.0 = Release|Any CPU
		{91EA887A-DFF2-4530-A615-4E6978D06906}.Debug|Any CPU.ActiveCfg = Debug|Any CPU
		{91EA887A-DFF2-4530-A615-4E6978D06906}.Debug|Any CPU.Build.0 = Debug|Any CPU
		{91EA887A-DFF2-4530-A615-4E6978D06906}.Debug|Any CPU.Deploy.0 = Debug|Any CPU
		{91EA887A-DFF2-4530-A615-4E6978D06906}.Debug|x64.ActiveCfg = Debug|x64
		{91EA887A-DFF2-4530-A615-4E6978D06906}.Debug|x64.Build.0 = Debug|x64
		{91EA887A-DFF2-4530-A615-4E6978D06906}.Debug|x64.Deploy.0 = Debug|x64
		{91EA887A-DFF2-4530-A615-4E6978D06906}.Debug|x86.ActiveCfg = Debug|x86
		{91EA887A-DFF2-4530-A615-4E6978D06906}.Debug|x86.Build.0 = Debug|x86
		{91EA887A-DFF2-4530-A615-4E6978D06906}.Debug|x86.Deploy.0 = Debug|x86
		{91EA887A-DFF2-4530-A615-4E6978D06906}.Release|Any CPU.ActiveCfg = Release|Any CPU
		{91EA887A-DFF2-4530-A615-4E6978D06906}.Release|Any CPU.Build.0 = Release|Any CPU
		{91EA887A-DFF2-4530-A615-4E6978D06906}.Release|Any CPU.Deploy.0 = Release|Any CPU
		{91EA887A-DFF2-4530-A615-4E6978D06906}.Release|x64.ActiveCfg = Release|x64
		{91EA887A-DFF2-4530-A615-4E6978D06906}.Release|x64.Build.0 = Release|x64
		{91EA887A-DFF2-4530-A615-4E6978D06906}.Release|x64.Deploy.0 = Release|x64
		{91EA887A-DFF2-4530-A615-4E6978D06906}.Release|x86.ActiveCfg = Release|x86
		{91EA887A-DFF2-4530-A615-4E6978D06906}.Release|x86.Build.0 = Release|x86
		{91EA887A-DFF2-4530-A615-4E6978D06906}.Release|x86.Deploy.0 = Release|x86
	EndGlobalSection
	GlobalSection(SolutionProperties) = preSolution
		HideSolutionNode = FALSE
	EndGlobalSection
	GlobalSection(ExtensibilityGlobals) = postSolution
		SolutionGuid = {E3331180-7319-4743-B8C0-B3E3E11E2261}
	EndGlobalSection
EndGlobal
